
Microsoft Visual Studio Solution File, Format Version 12.00
# Visual Studio Version 17
VisualStudioVersion = 17.9.34728.123
MinimumVisualStudioVersion = 10.0.40219.1
Project("{9A19103F-16F7-4668-BE54-9A1E7A4F7556}") = "SilkroadWebsite", "SilkroadWebsite\SilkroadWebsite.csproj", "{5365BD96-6BDE-4C75-900D-6EA24A9D3BA0}"
EndProject
Global
	GlobalSection(SolutionConfigurationPlatforms) = preSolution
		Debug|Any CPU = Debug|Any CPU
		Release|Any CPU = Release|Any CPU
	EndGlobalSection
	GlobalSection(ProjectConfigurationPlatforms) = postSolution
		{5365BD96-6BDE-4C75-900D-6EA24A9D3BA0}.Debug|Any CPU.ActiveCfg = Debug|Any CPU
		{5365BD96-6BDE-4C75-900D-6EA24A9D3BA0}.Debug|Any CPU.Build.0 = Debug|Any CPU
		{5365BD96-6BDE-4C75-900D-6EA24A9D3BA0}.Release|Any CPU.ActiveCfg = Release|Any CPU
		{5365BD96-6BDE-4C75-900D-6EA24A9D3BA0}.Release|Any CPU.Build.0 = Release|Any CPU
	EndGlobalSection
	GlobalSection(SolutionProperties) = preSolution
		HideSolutionNode = FALSE
	EndGlobalSection
	GlobalSection(ExtensibilityGlobals) = postSolution
		SolutionGuid = {6E10BB7E-6D5D-4279-A27E-4689C992B71C}
	EndGlobalSection
EndGlobal
